
Microsoft Visual Studio Solution File, Format Version 12.00
# Visual Studio Version 16
VisualStudioVersion = 16.0.31624.102
MinimumVisualStudioVersion = 10.0.40219.1
Project("{FAE04EC0-301F-11D3-BF4B-00C04F79EFBC}") = "HängaGubbe", "HängaGubbe\HängaGubbe.csproj", "{23229B29-0BA7-46AE-B6B3-B40B3D9768EA}"
EndProject
Global
	GlobalSection(SolutionConfigurationPlatforms) = preSolution
		Debug|Any CPU = Debug|Any CPU
		Release|Any CPU = Release|Any CPU
	EndGlobalSection
	GlobalSection(ProjectConfigurationPlatforms) = postSolution
		{23229B29-0BA7-46AE-B6B3-B40B3D9768EA}.Debug|Any CPU.ActiveCfg = Debug|Any CPU
		{23229B29-0BA7-46AE-B6B3-B40B3D9768EA}.Debug|Any CPU.Build.0 = Debug|Any CPU
		{23229B29-0BA7-46AE-B6B3-B40B3D9768EA}.Release|Any CPU.ActiveCfg = Release|Any CPU
		{23229B29-0BA7-46AE-B6B3-B40B3D9768EA}.Release|Any CPU.Build.0 = Release|Any CPU
	EndGlobalSection
	GlobalSection(SolutionProperties) = preSolution
		HideSolutionNode = FALSE
	EndGlobalSection
	GlobalSection(ExtensibilityGlobals) = postSolution
		SolutionGuid = {2BE85C8E-81A9-46A0-8C81-5956BAB1F1F4}
	EndGlobalSection
EndGlobal
